// !$*UTF8*$!
{
	archiveVersion = 1;
	classes = {
	};
	objectVersion = 46;
	objects = {

/* Begin PBXBuildFile section */
		043214EB1CB5434F00A37712 /* SideMenuTableViewCell.swift in Sources */ = {isa = PBXBuildFile; fileRef = 043214E91CB5434F00A37712 /* SideMenuTableViewCell.swift */; };
		043214EC1CB5434F00A37712 /* SideMenuTableViewCell.xib in Resources */ = {isa = PBXBuildFile; fileRef = 043214EA1CB5434F00A37712 /* SideMenuTableViewCell.xib */; };
		043214F01CB5458300A37712 /* SideMenuTableViewController.swift in Sources */ = {isa = PBXBuildFile; fileRef = 043214EF1CB5458300A37712 /* SideMenuTableViewController.swift */; };
		043214F21CB560E300A37712 /* SideMenuSeparatorHeader.swift in Sources */ = {isa = PBXBuildFile; fileRef = 043214F11CB560E300A37712 /* SideMenuSeparatorHeader.swift */; };
		043214F41CB5610E00A37712 /* SideMenuSeparatorHeader.xib in Resources */ = {isa = PBXBuildFile; fileRef = 043214F31CB5610E00A37712 /* SideMenuSeparatorHeader.xib */; };
		0453133D1CB3AC3C006FC9C3 /* StringExtension.swift in Sources */ = {isa = PBXBuildFile; fileRef = 0453133C1CB3AC3C006FC9C3 /* StringExtension.swift */; };
		045313501CB3F294006FC9C3 /* CreateAccountViewController.swift in Sources */ = {isa = PBXBuildFile; fileRef = 045313471CB3F294006FC9C3 /* CreateAccountViewController.swift */; };
		045313511CB3F294006FC9C3 /* ForgotPasswordViewController.swift in Sources */ = {isa = PBXBuildFile; fileRef = 045313491CB3F294006FC9C3 /* ForgotPasswordViewController.swift */; };
		045313521CB3F294006FC9C3 /* LoginViewController.swift in Sources */ = {isa = PBXBuildFile; fileRef = 0453134B1CB3F294006FC9C3 /* LoginViewController.swift */; };
		045313531CB3F294006FC9C3 /* SignUpViewController.swift in Sources */ = {isa = PBXBuildFile; fileRef = 0453134D1CB3F294006FC9C3 /* SignUpViewController.swift */; };
		045313541CB3F294006FC9C3 /* WellcomeViewController.swift in Sources */ = {isa = PBXBuildFile; fileRef = 0453134F1CB3F294006FC9C3 /* WellcomeViewController.swift */; };
		045313F91CB41329006FC9C3 /* HomeViewController.swift in Sources */ = {isa = PBXBuildFile; fileRef = 045313F81CB41329006FC9C3 /* HomeViewController.swift */; };
		045313FC1CB41998006FC9C3 /* SideMenuHeaderView.swift in Sources */ = {isa = PBXBuildFile; fileRef = 045313FB1CB41998006FC9C3 /* SideMenuHeaderView.swift */; };
		045313FE1CB419B5006FC9C3 /* SideMenuHeaderView.xib in Resources */ = {isa = PBXBuildFile; fileRef = 045313FD1CB419B5006FC9C3 /* SideMenuHeaderView.xib */; };
		04545DE91CAE9AF500DDAA8A /* Assets.xcassets in Resources */ = {isa = PBXBuildFile; fileRef = 04545DDB1CAE9AF500DDAA8A /* Assets.xcassets */; };
		04545DEA1CAE9AF500DDAA8A /* LaunchScreen.storyboard in Resources */ = {isa = PBXBuildFile; fileRef = 04545DE11CAE9AF500DDAA8A /* LaunchScreen.storyboard */; };
		04545DEB1CAE9AF500DDAA8A /* Main.storyboard in Resources */ = {isa = PBXBuildFile; fileRef = 04545DE31CAE9AF500DDAA8A /* Main.storyboard */; };
		04545DEC1CAE9AF500DDAA8A /* AppDelegate.swift in Sources */ = {isa = PBXBuildFile; fileRef = 04545DE61CAE9AF500DDAA8A /* AppDelegate.swift */; };
		049AD04F1CAEAF2D0049A62A /* eurof35.ttf in Resources */ = {isa = PBXBuildFile; fileRef = 049AD04A1CAEAF2D0049A62A /* eurof35.ttf */; };
		049AD0501CAEAF2D0049A62A /* eurof55.ttf in Resources */ = {isa = PBXBuildFile; fileRef = 049AD04B1CAEAF2D0049A62A /* eurof55.ttf */; };
		049AD0511CAEAF2D0049A62A /* Roboto-Light.ttf in Resources */ = {isa = PBXBuildFile; fileRef = 049AD04C1CAEAF2D0049A62A /* Roboto-Light.ttf */; };
		049AD0521CAEAF2D0049A62A /* Roboto-Regular.ttf in Resources */ = {isa = PBXBuildFile; fileRef = 049AD04D1CAEAF2D0049A62A /* Roboto-Regular.ttf */; };
		04C9C8CB1CB2B75A00EC4F4F /* UIColorExtension.swift in Sources */ = {isa = PBXBuildFile; fileRef = 04C9C8CA1CB2B75A00EC4F4F /* UIColorExtension.swift */; };
		04EBA2281CB6966800703B25 /* AppSettingsTableViewController.swift in Sources */ = {isa = PBXBuildFile; fileRef = 04EBA2271CB6966800703B25 /* AppSettingsTableViewController.swift */; };
		6845A86737001C0863EE9FC0 /* Pods_amico.framework in Frameworks */ = {isa = PBXBuildFile; fileRef = E1A2E3FC4B9724ECFECF4C44 /* Pods_amico.framework */; };
/* End PBXBuildFile section */

/* Begin PBXFileReference section */
		043214E91CB5434F00A37712 /* SideMenuTableViewCell.swift */ = {isa = PBXFileReference; fileEncoding = 4; lastKnownFileType = sourcecode.swift; name = SideMenuTableViewCell.swift; path = SideMenuCustomCell/SideMenuTableViewCell.swift; sourceTree = "<group>"; };
		043214EA1CB5434F00A37712 /* SideMenuTableViewCell.xib */ = {isa = PBXFileReference; fileEncoding = 4; lastKnownFileType = file.xib; name = SideMenuTableViewCell.xib; path = SideMenuCustomCell/SideMenuTableViewCell.xib; sourceTree = "<group>"; };
		043214EF1CB5458300A37712 /* SideMenuTableViewController.swift */ = {isa = PBXFileReference; fileEncoding = 4; lastKnownFileType = sourcecode.swift; name = SideMenuTableViewController.swift; path = SideMenu/SideMenuTableViewController.swift; sourceTree = "<group>"; };
		043214F11CB560E300A37712 /* SideMenuSeparatorHeader.swift */ = {isa = PBXFileReference; fileEncoding = 4; lastKnownFileType = sourcecode.swift; name = SideMenuSeparatorHeader.swift; path = SideMenuHeader/SideMenuSeparatorHeader.swift; sourceTree = "<group>"; };
		043214F31CB5610E00A37712 /* SideMenuSeparatorHeader.xib */ = {isa = PBXFileReference; fileEncoding = 4; lastKnownFileType = file.xib; name = SideMenuSeparatorHeader.xib; path = SideMenuHeader/SideMenuSeparatorHeader.xib; sourceTree = "<group>"; };
		0453133C1CB3AC3C006FC9C3 /* StringExtension.swift */ = {isa = PBXFileReference; fileEncoding = 4; lastKnownFileType = sourcecode.swift; path = StringExtension.swift; sourceTree = "<group>"; };
		045313471CB3F294006FC9C3 /* CreateAccountViewController.swift */ = {isa = PBXFileReference; fileEncoding = 4; lastKnownFileType = sourcecode.swift; path = CreateAccountViewController.swift; sourceTree = "<group>"; };
		045313491CB3F294006FC9C3 /* ForgotPasswordViewController.swift */ = {isa = PBXFileReference; fileEncoding = 4; lastKnownFileType = sourcecode.swift; path = ForgotPasswordViewController.swift; sourceTree = "<group>"; };
		0453134B1CB3F294006FC9C3 /* LoginViewController.swift */ = {isa = PBXFileReference; fileEncoding = 4; lastKnownFileType = sourcecode.swift; path = LoginViewController.swift; sourceTree = "<group>"; };
		0453134D1CB3F294006FC9C3 /* SignUpViewController.swift */ = {isa = PBXFileReference; fileEncoding = 4; lastKnownFileType = sourcecode.swift; path = SignUpViewController.swift; sourceTree = "<group>"; };
		0453134F1CB3F294006FC9C3 /* WellcomeViewController.swift */ = {isa = PBXFileReference; fileEncoding = 4; lastKnownFileType = sourcecode.swift; path = WellcomeViewController.swift; sourceTree = "<group>"; };
		045313F81CB41329006FC9C3 /* HomeViewController.swift */ = {isa = PBXFileReference; fileEncoding = 4; lastKnownFileType = sourcecode.swift; name = HomeViewController.swift; path = Home/HomeViewController.swift; sourceTree = "<group>"; };
		045313FB1CB41998006FC9C3 /* SideMenuHeaderView.swift */ = {isa = PBXFileReference; fileEncoding = 4; lastKnownFileType = sourcecode.swift; name = SideMenuHeaderView.swift; path = SideMenuHeader/SideMenuHeaderView.swift; sourceTree = "<group>"; };
		045313FD1CB419B5006FC9C3 /* SideMenuHeaderView.xib */ = {isa = PBXFileReference; fileEncoding = 4; lastKnownFileType = file.xib; name = SideMenuHeaderView.xib; path = SideMenuHeader/SideMenuHeaderView.xib; sourceTree = "<group>"; };
		04545DDB1CAE9AF500DDAA8A /* Assets.xcassets */ = {isa = PBXFileReference; lastKnownFileType = folder.assetcatalog; path = Assets.xcassets; sourceTree = "<group>"; };
		04545DE21CAE9AF500DDAA8A /* Base */ = {isa = PBXFileReference; lastKnownFileType = file.storyboard; name = Base; path = Base.lproj/LaunchScreen.storyboard; sourceTree = "<group>"; };
		04545DE41CAE9AF500DDAA8A /* Base */ = {isa = PBXFileReference; lastKnownFileType = file.storyboard; name = Base; path = Base.lproj/Main.storyboard; sourceTree = "<group>"; };
		04545DE61CAE9AF500DDAA8A /* AppDelegate.swift */ = {isa = PBXFileReference; fileEncoding = 4; lastKnownFileType = sourcecode.swift; path = AppDelegate.swift; sourceTree = "<group>"; };
		04545DE71CAE9AF500DDAA8A /* Info.plist */ = {isa = PBXFileReference; fileEncoding = 4; lastKnownFileType = text.plist.xml; path = Info.plist; sourceTree = "<group>"; };
		049AD04A1CAEAF2D0049A62A /* eurof35.ttf */ = {isa = PBXFileReference; lastKnownFileType = file; path = eurof35.ttf; sourceTree = "<group>"; };
		049AD04B1CAEAF2D0049A62A /* eurof55.ttf */ = {isa = PBXFileReference; lastKnownFileType = file; path = eurof55.ttf; sourceTree = "<group>"; };
		049AD04C1CAEAF2D0049A62A /* Roboto-Light.ttf */ = {isa = PBXFileReference; lastKnownFileType = file; path = "Roboto-Light.ttf"; sourceTree = "<group>"; };
		049AD04D1CAEAF2D0049A62A /* Roboto-Regular.ttf */ = {isa = PBXFileReference; lastKnownFileType = file; path = "Roboto-Regular.ttf"; sourceTree = "<group>"; };
		04C9C8CA1CB2B75A00EC4F4F /* UIColorExtension.swift */ = {isa = PBXFileReference; fileEncoding = 4; lastKnownFileType = sourcecode.swift; path = UIColorExtension.swift; sourceTree = "<group>"; };
		04EBA2271CB6966800703B25 /* AppSettingsTableViewController.swift */ = {isa = PBXFileReference; fileEncoding = 4; lastKnownFileType = sourcecode.swift; name = AppSettingsTableViewController.swift; path = AppSettings/AppSettingsTableViewController.swift; sourceTree = "<group>"; };
		532986C5757042C1E0F310E8 /* Pods-amico.debug.xcconfig */ = {isa = PBXFileReference; includeInIndex = 1; lastKnownFileType = text.xcconfig; name = "Pods-amico.debug.xcconfig"; path = "Pods/Target Support Files/Pods-amico/Pods-amico.debug.xcconfig"; sourceTree = "<group>"; };
		746DA0EA1CAD23B9007A902D /* amico.app */ = {isa = PBXFileReference; explicitFileType = wrapper.application; includeInIndex = 0; path = amico.app; sourceTree = BUILT_PRODUCTS_DIR; };
		C639E95A9B9C68ECE05D2648 /* Pods-amico.release.xcconfig */ = {isa = PBXFileReference; includeInIndex = 1; lastKnownFileType = text.xcconfig; name = "Pods-amico.release.xcconfig"; path = "Pods/Target Support Files/Pods-amico/Pods-amico.release.xcconfig"; sourceTree = "<group>"; };
		E1A2E3FC4B9724ECFECF4C44 /* Pods_amico.framework */ = {isa = PBXFileReference; explicitFileType = wrapper.framework; includeInIndex = 0; path = Pods_amico.framework; sourceTree = BUILT_PRODUCTS_DIR; };
/* End PBXFileReference section */

/* Begin PBXFrameworksBuildPhase section */
		746DA0E71CAD23B9007A902D /* Frameworks */ = {
			isa = PBXFrameworksBuildPhase;
			buildActionMask = 2147483647;
			files = (
				6845A86737001C0863EE9FC0 /* Pods_amico.framework in Frameworks */,
			);
			runOnlyForDeploymentPostprocessing = 0;
		};
/* End PBXFrameworksBuildPhase section */

/* Begin PBXGroup section */
		043214ED1CB5435500A37712 /* SideMenuCustomCell */ = {
			isa = PBXGroup;
			children = (
				043214E91CB5434F00A37712 /* SideMenuTableViewCell.swift */,
				043214EA1CB5434F00A37712 /* SideMenuTableViewCell.xib */,
			);
			name = SideMenuCustomCell;
			sourceTree = "<group>";
		};
		043214EE1CB5454D00A37712 /* SideMenu */ = {
			isa = PBXGroup;
			children = (
				043214EF1CB5458300A37712 /* SideMenuTableViewController.swift */,
			);
			name = SideMenu;
			sourceTree = "<group>";
		};
		045313451CB3F294006FC9C3 /* Autentification */ = {
			isa = PBXGroup;
			children = (
				045313461CB3F294006FC9C3 /* Create Acoount */,
				045313481CB3F294006FC9C3 /* ForgotPassword */,
				0453134A1CB3F294006FC9C3 /* Login */,
				0453134C1CB3F294006FC9C3 /* SignUp */,
				0453134E1CB3F294006FC9C3 /* Wellcome */,
			);
			path = Autentification;
			sourceTree = "<group>";
		};
		045313461CB3F294006FC9C3 /* Create Acoount */ = {
			isa = PBXGroup;
			children = (
				045313471CB3F294006FC9C3 /* CreateAccountViewController.swift */,
			);
			path = "Create Acoount";
			sourceTree = "<group>";
		};
		045313481CB3F294006FC9C3 /* ForgotPassword */ = {
			isa = PBXGroup;
			children = (
				045313491CB3F294006FC9C3 /* ForgotPasswordViewController.swift */,
			);
			path = ForgotPassword;
			sourceTree = "<group>";
		};
		0453134A1CB3F294006FC9C3 /* Login */ = {
			isa = PBXGroup;
			children = (
				0453134B1CB3F294006FC9C3 /* LoginViewController.swift */,
			);
			path = Login;
			sourceTree = "<group>";
		};
		0453134C1CB3F294006FC9C3 /* SignUp */ = {
			isa = PBXGroup;
			children = (
				0453134D1CB3F294006FC9C3 /* SignUpViewController.swift */,
			);
			path = SignUp;
			sourceTree = "<group>";
		};
		0453134E1CB3F294006FC9C3 /* Wellcome */ = {
			isa = PBXGroup;
			children = (
				0453134F1CB3F294006FC9C3 /* WellcomeViewController.swift */,
			);
			path = Wellcome;
			sourceTree = "<group>";
		};
		045313F71CB41317006FC9C3 /* Home */ = {
			isa = PBXGroup;
			children = (
				045313F81CB41329006FC9C3 /* HomeViewController.swift */,
			);
			name = Home;
			sourceTree = "<group>";
		};
		045313FA1CB418A4006FC9C3 /* SideMenuHeader */ = {
			isa = PBXGroup;
			children = (
				045313FB1CB41998006FC9C3 /* SideMenuHeaderView.swift */,
				045313FD1CB419B5006FC9C3 /* SideMenuHeaderView.xib */,
				043214F11CB560E300A37712 /* SideMenuSeparatorHeader.swift */,
				043214F31CB5610E00A37712 /* SideMenuSeparatorHeader.xib */,
			);
			name = SideMenuHeader;
			sourceTree = "<group>";
		};
		04545DDA1CAE9AF500DDAA8A /* Assets */ = {
			isa = PBXGroup;
			children = (
				049AD04E1CAEAF2D0049A62A /* Fonts */,
				04545DDB1CAE9AF500DDAA8A /* Assets.xcassets */,
			);
			name = Assets;
			path = amico/Assets;
			sourceTree = "<group>";
		};
		04545DDC1CAE9AF500DDAA8A /* Controller */ = {
			isa = PBXGroup;
			children = (
				04EBA2261CB6964C00703B25 /* AppSettings */,
				043214EE1CB5454D00A37712 /* SideMenu */,
				045313F71CB41317006FC9C3 /* Home */,
				045313451CB3F294006FC9C3 /* Autentification */,
			);
			path = Controller;
			sourceTree = "<group>";
		};
		04545DDD1CAE9AF500DDAA8A /* Extensions */ = {
			isa = PBXGroup;
			children = (
				04C9C8CA1CB2B75A00EC4F4F /* UIColorExtension.swift */,
				0453133C1CB3AC3C006FC9C3 /* StringExtension.swift */,
			);
			path = Extensions;
			sourceTree = "<group>";
		};
		04545DDE1CAE9AF500DDAA8A /* Helpers */ = {
			isa = PBXGroup;
			children = (
			);
			path = Helpers;
			sourceTree = "<group>";
		};
		04545DDF1CAE9AF500DDAA8A /* Model */ = {
			isa = PBXGroup;
			children = (
			);
			path = Model;
			sourceTree = "<group>";
		};
		04545DE01CAE9AF500DDAA8A /* Storyboards */ = {
			isa = PBXGroup;
			children = (
				04545DE11CAE9AF500DDAA8A /* LaunchScreen.storyboard */,
				04545DE31CAE9AF500DDAA8A /* Main.storyboard */,
			);
			path = Storyboards;
			sourceTree = "<group>";
		};
		04545DE51CAE9AF500DDAA8A /* Supporting */ = {
			isa = PBXGroup;
			children = (
				04545DE61CAE9AF500DDAA8A /* AppDelegate.swift */,
				04545DE71CAE9AF500DDAA8A /* Info.plist */,
			);
			path = Supporting;
			sourceTree = "<group>";
		};
		04545DE81CAE9AF500DDAA8A /* View */ = {
			isa = PBXGroup;
			children = (
				043214ED1CB5435500A37712 /* SideMenuCustomCell */,
				045313FA1CB418A4006FC9C3 /* SideMenuHeader */,
			);
			path = View;
			sourceTree = "<group>";
		};
		049AD04E1CAEAF2D0049A62A /* Fonts */ = {
			isa = PBXGroup;
			children = (
				049AD04A1CAEAF2D0049A62A /* eurof35.ttf */,
				049AD04B1CAEAF2D0049A62A /* eurof55.ttf */,
				049AD04C1CAEAF2D0049A62A /* Roboto-Light.ttf */,
				049AD04D1CAEAF2D0049A62A /* Roboto-Regular.ttf */,
			);
			path = Fonts;
			sourceTree = "<group>";
		};
		04EBA2261CB6964C00703B25 /* AppSettings */ = {
			isa = PBXGroup;
			children = (
				04EBA2271CB6966800703B25 /* AppSettingsTableViewController.swift */,
			);
			name = AppSettings;
			sourceTree = "<group>";
		};
		746DA0E11CAD23B9007A902D = {
			isa = PBXGroup;
			children = (
				746DA0EC1CAD23B9007A902D /* amico */,
				04545DDA1CAE9AF500DDAA8A /* Assets */,
				746DA0EB1CAD23B9007A902D /* Products */,
				80ED2D35F5472B45A1086411 /* Pods */,
				FA43EE6FC6A0054D82411B02 /* Frameworks */,
			);
			sourceTree = "<group>";
		};
		746DA0EB1CAD23B9007A902D /* Products */ = {
			isa = PBXGroup;
			children = (
				746DA0EA1CAD23B9007A902D /* amico.app */,
			);
			name = Products;
			sourceTree = "<group>";
		};
		746DA0EC1CAD23B9007A902D /* amico */ = {
			isa = PBXGroup;
			children = (
				04545DDF1CAE9AF500DDAA8A /* Model */,
				04545DDC1CAE9AF500DDAA8A /* Controller */,
				04545DE81CAE9AF500DDAA8A /* View */,
				04545DDD1CAE9AF500DDAA8A /* Extensions */,
				04545DDE1CAE9AF500DDAA8A /* Helpers */,
				04545DE01CAE9AF500DDAA8A /* Storyboards */,
				04545DE51CAE9AF500DDAA8A /* Supporting */,
			);
			path = amico;
			sourceTree = "<group>";
		};
		80ED2D35F5472B45A1086411 /* Pods */ = {
			isa = PBXGroup;
			children = (
				532986C5757042C1E0F310E8 /* Pods-amico.debug.xcconfig */,
				C639E95A9B9C68ECE05D2648 /* Pods-amico.release.xcconfig */,
			);
			name = Pods;
			sourceTree = "<group>";
		};
		FA43EE6FC6A0054D82411B02 /* Frameworks */ = {
			isa = PBXGroup;
			children = (
				E1A2E3FC4B9724ECFECF4C44 /* Pods_amico.framework */,
			);
			name = Frameworks;
			sourceTree = "<group>";
		};
/* End PBXGroup section */

/* Begin PBXNativeTarget section */
		746DA0E91CAD23B9007A902D /* amico */ = {
			isa = PBXNativeTarget;
			buildConfigurationList = 746DA0FC1CAD23B9007A902D /* Build configuration list for PBXNativeTarget "amico" */;
			buildPhases = (
				3B3982548CF590BF5AB9ED09 /* Check Pods Manifest.lock */,
				746DA0E61CAD23B9007A902D /* Sources */,
				746DA0E71CAD23B9007A902D /* Frameworks */,
				746DA0E81CAD23B9007A902D /* Resources */,
				41E3364956EE858DAF26C691 /* Embed Pods Frameworks */,
				B3CD33778350F49945DF5BB9 /* Copy Pods Resources */,
			);
			buildRules = (
			);
			dependencies = (
			);
			name = amico;
			productName = amico;
			productReference = 746DA0EA1CAD23B9007A902D /* amico.app */;
			productType = "com.apple.product-type.application";
		};
/* End PBXNativeTarget section */

/* Begin PBXProject section */
		746DA0E21CAD23B9007A902D /* Project object */ = {
			isa = PBXProject;
			attributes = {
				LastSwiftUpdateCheck = 0730;
				LastUpgradeCheck = 0730;
				ORGANIZATIONNAME = perpet.io;
				TargetAttributes = {
					746DA0E91CAD23B9007A902D = {
						CreatedOnToolsVersion = 7.3;
					};
				};
			};
			buildConfigurationList = 746DA0E51CAD23B9007A902D /* Build configuration list for PBXProject "amico" */;
			compatibilityVersion = "Xcode 3.2";
			developmentRegion = English;
			hasScannedForEncodings = 0;
			knownRegions = (
				en,
				Base,
			);
			mainGroup = 746DA0E11CAD23B9007A902D;
			productRefGroup = 746DA0EB1CAD23B9007A902D /* Products */;
			projectDirPath = "";
			projectRoot = "";
			targets = (
				746DA0E91CAD23B9007A902D /* amico */,
			);
		};
/* End PBXProject section */

/* Begin PBXResourcesBuildPhase section */
		746DA0E81CAD23B9007A902D /* Resources */ = {
			isa = PBXResourcesBuildPhase;
			buildActionMask = 2147483647;
			files = (
				049AD0501CAEAF2D0049A62A /* eurof55.ttf in Resources */,
				049AD0521CAEAF2D0049A62A /* Roboto-Regular.ttf in Resources */,
				04545DEB1CAE9AF500DDAA8A /* Main.storyboard in Resources */,
				04545DE91CAE9AF500DDAA8A /* Assets.xcassets in Resources */,
				045313FE1CB419B5006FC9C3 /* SideMenuHeaderView.xib in Resources */,
				049AD0511CAEAF2D0049A62A /* Roboto-Light.ttf in Resources */,
				043214EC1CB5434F00A37712 /* SideMenuTableViewCell.xib in Resources */,
				04545DEA1CAE9AF500DDAA8A /* LaunchScreen.storyboard in Resources */,
				043214F41CB5610E00A37712 /* SideMenuSeparatorHeader.xib in Resources */,
				049AD04F1CAEAF2D0049A62A /* eurof35.ttf in Resources */,
			);
			runOnlyForDeploymentPostprocessing = 0;
		};
/* End PBXResourcesBuildPhase section */

/* Begin PBXShellScriptBuildPhase section */
		3B3982548CF590BF5AB9ED09 /* Check Pods Manifest.lock */ = {
			isa = PBXShellScriptBuildPhase;
			buildActionMask = 2147483647;
			files = (
			);
			inputPaths = (
			);
			name = "Check Pods Manifest.lock";
			outputPaths = (
			);
			runOnlyForDeploymentPostprocessing = 0;
			shellPath = /bin/sh;
			shellScript = "diff \"${PODS_ROOT}/../Podfile.lock\" \"${PODS_ROOT}/Manifest.lock\" > /dev/null\nif [[ $? != 0 ]] ; then\n    cat << EOM\nerror: The sandbox is not in sync with the Podfile.lock. Run 'pod install' or update your CocoaPods installation.\nEOM\n    exit 1\nfi\n";
			showEnvVarsInLog = 0;
		};
		41E3364956EE858DAF26C691 /* Embed Pods Frameworks */ = {
			isa = PBXShellScriptBuildPhase;
			buildActionMask = 2147483647;
			files = (
			);
			inputPaths = (
			);
			name = "Embed Pods Frameworks";
			outputPaths = (
			);
			runOnlyForDeploymentPostprocessing = 0;
			shellPath = /bin/sh;
			shellScript = "\"${SRCROOT}/Pods/Target Support Files/Pods-amico/Pods-amico-frameworks.sh\"\n";
			showEnvVarsInLog = 0;
		};
		B3CD33778350F49945DF5BB9 /* Copy Pods Resources */ = {
			isa = PBXShellScriptBuildPhase;
			buildActionMask = 2147483647;
			files = (
			);
			inputPaths = (
			);
			name = "Copy Pods Resources";
			outputPaths = (
			);
			runOnlyForDeploymentPostprocessing = 0;
			shellPath = /bin/sh;
			shellScript = "\"${SRCROOT}/Pods/Target Support Files/Pods-amico/Pods-amico-resources.sh\"\n";
			showEnvVarsInLog = 0;
		};
/* End PBXShellScriptBuildPhase section */

/* Begin PBXSourcesBuildPhase section */
		746DA0E61CAD23B9007A902D /* Sources */ = {
			isa = PBXSourcesBuildPhase;
			buildActionMask = 2147483647;
			files = (
				045313521CB3F294006FC9C3 /* LoginViewController.swift in Sources */,
				045313531CB3F294006FC9C3 /* SignUpViewController.swift in Sources */,
				045313541CB3F294006FC9C3 /* WellcomeViewController.swift in Sources */,
				045313501CB3F294006FC9C3 /* CreateAccountViewController.swift in Sources */,
				0453133D1CB3AC3C006FC9C3 /* StringExtension.swift in Sources */,
				045313FC1CB41998006FC9C3 /* SideMenuHeaderView.swift in Sources */,
				045313F91CB41329006FC9C3 /* HomeViewController.swift in Sources */,
				043214F01CB5458300A37712 /* SideMenuTableViewController.swift in Sources */,
				045313511CB3F294006FC9C3 /* ForgotPasswordViewController.swift in Sources */,
				04545DEC1CAE9AF500DDAA8A /* AppDelegate.swift in Sources */,
				04EBA2281CB6966800703B25 /* AppSettingsTableViewController.swift in Sources */,
				043214EB1CB5434F00A37712 /* SideMenuTableViewCell.swift in Sources */,
				043214F21CB560E300A37712 /* SideMenuSeparatorHeader.swift in Sources */,
				04C9C8CB1CB2B75A00EC4F4F /* UIColorExtension.swift in Sources */,
			);
			runOnlyForDeploymentPostprocessing = 0;
		};
/* End PBXSourcesBuildPhase section */

/* Begin PBXVariantGroup section */
		04545DE11CAE9AF500DDAA8A /* LaunchScreen.storyboard */ = {
			isa = PBXVariantGroup;
			children = (
				04545DE21CAE9AF500DDAA8A /* Base */,
			);
			name = LaunchScreen.storyboard;
			sourceTree = "<group>";
		};
		04545DE31CAE9AF500DDAA8A /* Main.storyboard */ = {
			isa = PBXVariantGroup;
			children = (
				04545DE41CAE9AF500DDAA8A /* Base */,
			);
			name = Main.storyboard;
			sourceTree = "<group>";
		};
/* End PBXVariantGroup section */

/* Begin XCBuildConfiguration section */
		746DA0FA1CAD23B9007A902D /* Debug */ = {
			isa = XCBuildConfiguration;
			buildSettings = {
				ALWAYS_SEARCH_USER_PATHS = NO;
				CLANG_ANALYZER_NONNULL = YES;
				CLANG_CXX_LANGUAGE_STANDARD = "gnu++0x";
				CLANG_CXX_LIBRARY = "libc++";
				CLANG_ENABLE_MODULES = YES;
				CLANG_ENABLE_OBJC_ARC = YES;
				CLANG_WARN_BOOL_CONVERSION = YES;
				CLANG_WARN_CONSTANT_CONVERSION = YES;
				CLANG_WARN_DIRECT_OBJC_ISA_USAGE = YES_ERROR;
				CLANG_WARN_EMPTY_BODY = YES;
				CLANG_WARN_ENUM_CONVERSION = YES;
				CLANG_WARN_INT_CONVERSION = YES;
				CLANG_WARN_OBJC_ROOT_CLASS = YES_ERROR;
				CLANG_WARN_UNREACHABLE_CODE = YES;
				CLANG_WARN__DUPLICATE_METHOD_MATCH = YES;
				"CODE_SIGN_IDENTITY[sdk=iphoneos*]" = "iPhone Developer";
				COPY_PHASE_STRIP = NO;
				DEBUG_INFORMATION_FORMAT = dwarf;
				ENABLE_STRICT_OBJC_MSGSEND = YES;
				ENABLE_TESTABILITY = YES;
				GCC_C_LANGUAGE_STANDARD = gnu99;
				GCC_DYNAMIC_NO_PIC = NO;
				GCC_NO_COMMON_BLOCKS = YES;
				GCC_OPTIMIZATION_LEVEL = 0;
				GCC_PREPROCESSOR_DEFINITIONS = (
					"DEBUG=1",
					"$(inherited)",
				);
				GCC_WARN_64_TO_32_BIT_CONVERSION = YES;
				GCC_WARN_ABOUT_RETURN_TYPE = YES_ERROR;
				GCC_WARN_UNDECLARED_SELECTOR = YES;
				GCC_WARN_UNINITIALIZED_AUTOS = YES_AGGRESSIVE;
				GCC_WARN_UNUSED_FUNCTION = YES;
				GCC_WARN_UNUSED_VARIABLE = YES;
				IPHONEOS_DEPLOYMENT_TARGET = 9.3;
				MTL_ENABLE_DEBUG_INFO = YES;
				ONLY_ACTIVE_ARCH = YES;
				SDKROOT = iphoneos;
				SWIFT_OPTIMIZATION_LEVEL = "-Onone";
			};
			name = Debug;
		};
		746DA0FB1CAD23B9007A902D /* Release */ = {
			isa = XCBuildConfiguration;
			buildSettings = {
				ALWAYS_SEARCH_USER_PATHS = NO;
				CLANG_ANALYZER_NONNULL = YES;
				CLANG_CXX_LANGUAGE_STANDARD = "gnu++0x";
				CLANG_CXX_LIBRARY = "libc++";
				CLANG_ENABLE_MODULES = YES;
				CLANG_ENABLE_OBJC_ARC = YES;
				CLANG_WARN_BOOL_CONVERSION = YES;
				CLANG_WARN_CONSTANT_CONVERSION = YES;
				CLANG_WARN_DIRECT_OBJC_ISA_USAGE = YES_ERROR;
				CLANG_WARN_EMPTY_BODY = YES;
				CLANG_WARN_ENUM_CONVERSION = YES;
				CLANG_WARN_INT_CONVERSION = YES;
				CLANG_WARN_OBJC_ROOT_CLASS = YES_ERROR;
				CLANG_WARN_UNREACHABLE_CODE = YES;
				CLANG_WARN__DUPLICATE_METHOD_MATCH = YES;
				"CODE_SIGN_IDENTITY[sdk=iphoneos*]" = "iPhone Developer";
				COPY_PHASE_STRIP = NO;
				DEBUG_INFORMATION_FORMAT = "dwarf-with-dsym";
				ENABLE_NS_ASSERTIONS = NO;
				ENABLE_STRICT_OBJC_MSGSEND = YES;
				GCC_C_LANGUAGE_STANDARD = gnu99;
				GCC_NO_COMMON_BLOCKS = YES;
				GCC_WARN_64_TO_32_BIT_CONVERSION = YES;
				GCC_WARN_ABOUT_RETURN_TYPE = YES_ERROR;
				GCC_WARN_UNDECLARED_SELECTOR = YES;
				GCC_WARN_UNINITIALIZED_AUTOS = YES_AGGRESSIVE;
				GCC_WARN_UNUSED_FUNCTION = YES;
				GCC_WARN_UNUSED_VARIABLE = YES;
				IPHONEOS_DEPLOYMENT_TARGET = 9.3;
				MTL_ENABLE_DEBUG_INFO = NO;
				SDKROOT = iphoneos;
				VALIDATE_PRODUCT = YES;
			};
			name = Release;
		};
		746DA0FD1CAD23B9007A902D /* Debug */ = {
			isa = XCBuildConfiguration;
			baseConfigurationReference = 532986C5757042C1E0F310E8 /* Pods-amico.debug.xcconfig */;
			buildSettings = {
				ASSETCATALOG_COMPILER_APPICON_NAME = AppIcon;
				GCC_TREAT_WARNINGS_AS_ERRORS = YES;
				INFOPLIST_FILE = amico/Supporting/Info.plist;
				LD_RUNPATH_SEARCH_PATHS = "$(inherited) @executable_path/Frameworks";
				PRODUCT_BUNDLE_IDENTIFIER = com.amico;
				PRODUCT_NAME = "$(TARGET_NAME)";
			};
			name = Debug;
		};
		746DA0FE1CAD23B9007A902D /* Release */ = {
			isa = XCBuildConfiguration;
			baseConfigurationReference = C639E95A9B9C68ECE05D2648 /* Pods-amico.release.xcconfig */;
			buildSettings = {
				ASSETCATALOG_COMPILER_APPICON_NAME = AppIcon;
				GCC_TREAT_WARNINGS_AS_ERRORS = YES;
				INFOPLIST_FILE = amico/Supporting/Info.plist;
				LD_RUNPATH_SEARCH_PATHS = "$(inherited) @executable_path/Frameworks";
				PRODUCT_BUNDLE_IDENTIFIER = com.amico;
				PRODUCT_NAME = "$(TARGET_NAME)";
			};
			name = Release;
		};
/* End XCBuildConfiguration section */

/* Begin XCConfigurationList section */
		746DA0E51CAD23B9007A902D /* Build configuration list for PBXProject "amico" */ = {
			isa = XCConfigurationList;
			buildConfigurations = (
				746DA0FA1CAD23B9007A902D /* Debug */,
				746DA0FB1CAD23B9007A902D /* Release */,
			);
			defaultConfigurationIsVisible = 0;
			defaultConfigurationName = Release;
		};
		746DA0FC1CAD23B9007A902D /* Build configuration list for PBXNativeTarget "amico" */ = {
			isa = XCConfigurationList;
			buildConfigurations = (
				746DA0FD1CAD23B9007A902D /* Debug */,
				746DA0FE1CAD23B9007A902D /* Release */,
			);
			defaultConfigurationIsVisible = 0;
			defaultConfigurationName = Release;
		};
/* End XCConfigurationList section */
	};
	rootObject = 746DA0E21CAD23B9007A902D /* Project object */;
}
